
Microsoft Visual Studio Solution File, Format Version 12.00
# Visual Studio Version 17
VisualStudioVersion = 17.11.35327.3
MinimumVisualStudioVersion = 10.0.40219.1
Project("{FAE04EC0-301F-11D3-BF4B-00C04F79EFBC}") = "APIProfessor", "APIProfessor\APIProfessor.csproj", "{ACE10242-593B-4D40-B362-FC5F37DD9D2E}"
EndProject
Global
	GlobalSection(SolutionConfigurationPlatforms) = preSolution
		Debug|Any CPU = Debug|Any CPU
		Release|Any CPU = Release|Any CPU
	EndGlobalSection
	GlobalSection(ProjectConfigurationPlatforms) = postSolution
		{ACE10242-593B-4D40-B362-FC5F37DD9D2E}.Debug|Any CPU.ActiveCfg = Debug|Any CPU
		{ACE10242-593B-4D40-B362-FC5F37DD9D2E}.Debug|Any CPU.Build.0 = Debug|Any CPU
		{ACE10242-593B-4D40-B362-FC5F37DD9D2E}.Release|Any CPU.ActiveCfg = Release|Any CPU
		{ACE10242-593B-4D40-B362-FC5F37DD9D2E}.Release|Any CPU.Build.0 = Release|Any CPU
	EndGlobalSection
	GlobalSection(SolutionProperties) = preSolution
		HideSolutionNode = FALSE
	EndGlobalSection
	GlobalSection(ExtensibilityGlobals) = postSolution
		SolutionGuid = {84AF6260-0D19-4FC3-BDB5-2B668C819919}
	EndGlobalSection
EndGlobal
